
Microsoft Visual Studio Solution File, Format Version 12.00
# Visual Studio 15
VisualStudioVersion = 15.0.26124.0
MinimumVisualStudioVersion = 15.0.26124.0
Project("{FAE04EC0-301F-11D3-BF4B-00C04F79EFBC}") = "API", "API\API.csproj", "{827D6382-BCC1-421F-B787-EF78B6AF799E}"
EndProject
Project("{FAE04EC0-301F-11D3-BF4B-00C04F79EFBC}") = "Application", "Application\Application.csproj", "{1AAA7B3A-B799-47FA-87FF-E686C1015FBA}"
EndProject
Project("{FAE04EC0-301F-11D3-BF4B-00C04F79EFBC}") = "Models", "Models\Models.csproj", "{F451936B-F178-4173-B48E-77061B4D4FC0}"
EndProject
Project("{FAE04EC0-301F-11D3-BF4B-00C04F79EFBC}") = "Persistance", "Persistance\Persistance.csproj", "{A9C367FB-379A-4DC6-AAFA-904AF43846D0}"
EndProject
Global
	GlobalSection(SolutionConfigurationPlatforms) = preSolution
		Debug|Any CPU = Debug|Any CPU
		Debug|x64 = Debug|x64
		Debug|x86 = Debug|x86
		Release|Any CPU = Release|Any CPU
		Release|x64 = Release|x64
		Release|x86 = Release|x86
	EndGlobalSection
	GlobalSection(SolutionProperties) = preSolution
		HideSolutionNode = FALSE
	EndGlobalSection
	GlobalSection(ProjectConfigurationPlatforms) = postSolution
		{827D6382-BCC1-421F-B787-EF78B6AF799E}.Debug|Any CPU.ActiveCfg = Debug|Any CPU
		{827D6382-BCC1-421F-B787-EF78B6AF799E}.Debug|Any CPU.Build.0 = Debug|Any CPU
		{827D6382-BCC1-421F-B787-EF78B6AF799E}.Debug|x64.ActiveCfg = Debug|Any CPU
		{827D6382-BCC1-421F-B787-EF78B6AF799E}.Debug|x64.Build.0 = Debug|Any CPU
		{827D6382-BCC1-421F-B787-EF78B6AF799E}.Debug|x86.ActiveCfg = Debug|Any CPU
		{827D6382-BCC1-421F-B787-EF78B6AF799E}.Debug|x86.Build.0 = Debug|Any CPU
		{827D6382-BCC1-421F-B787-EF78B6AF799E}.Release|Any CPU.ActiveCfg = Release|Any CPU
		{827D6382-BCC1-421F-B787-EF78B6AF799E}.Release|Any CPU.Build.0 = Release|Any CPU
		{827D6382-BCC1-421F-B787-EF78B6AF799E}.Release|x64.ActiveCfg = Release|Any CPU
		{827D6382-BCC1-421F-B787-EF78B6AF799E}.Release|x64.Build.0 = Release|Any CPU
		{827D6382-BCC1-421F-B787-EF78B6AF799E}.Release|x86.ActiveCfg = Release|Any CPU
		{827D6382-BCC1-421F-B787-EF78B6AF799E}.Release|x86.Build.0 = Release|Any CPU
		{1AAA7B3A-B799-47FA-87FF-E686C1015FBA}.Debug|Any CPU.ActiveCfg = Debug|Any CPU
		{1AAA7B3A-B799-47FA-87FF-E686C1015FBA}.Debug|Any CPU.Build.0 = Debug|Any CPU
		{1AAA7B3A-B799-47FA-87FF-E686C1015FBA}.Debug|x64.ActiveCfg = Debug|Any CPU
		{1AAA7B3A-B799-47FA-87FF-E686C1015FBA}.Debug|x64.Build.0 = Debug|Any CPU
		{1AAA7B3A-B799-47FA-87FF-E686C1015FBA}.Debug|x86.ActiveCfg = Debug|Any CPU
		{1AAA7B3A-B799-47FA-87FF-E686C1015FBA}.Debug|x86.Build.0 = Debug|Any CPU
		{1AAA7B3A-B799-47FA-87FF-E686C1015FBA}.Release|Any CPU.ActiveCfg = Release|Any CPU
		{1AAA7B3A-B799-47FA-87FF-E686C1015FBA}.Release|Any CPU.Build.0 = Release|Any CPU
		{1AAA7B3A-B799-47FA-87FF-E686C1015FBA}.Release|x64.ActiveCfg = Release|Any CPU
		{1AAA7B3A-B799-47FA-87FF-E686C1015FBA}.Release|x64.Build.0 = Release|Any CPU
		{1AAA7B3A-B799-47FA-87FF-E686C1015FBA}.Release|x86.ActiveCfg = Release|Any CPU
		{1AAA7B3A-B799-47FA-87FF-E686C1015FBA}.Release|x86.Build.0 = Release|Any CPU
		{F451936B-F178-4173-B48E-77061B4D4FC0}.Debug|Any CPU.ActiveCfg = Debug|Any CPU
		{F451936B-F178-4173-B48E-77061B4D4FC0}.Debug|Any CPU.Build.0 = Debug|Any CPU
		{F451936B-F178-4173-B48E-77061B4D4FC0}.Debug|x64.ActiveCfg = Debug|Any CPU
		{F451936B-F178-4173-B48E-77061B4D4FC0}.Debug|x64.Build.0 = Debug|Any CPU
		{F451936B-F178-4173-B48E-77061B4D4FC0}.Debug|x86.ActiveCfg = Debug|Any CPU
		{F451936B-F178-4173-B48E-77061B4D4FC0}.Debug|x86.Build.0 = Debug|Any CPU
		{F451936B-F178-4173-B48E-77061B4D4FC0}.Release|Any CPU.ActiveCfg = Release|Any CPU
		{F451936B-F178-4173-B48E-77061B4D4FC0}.Release|Any CPU.Build.0 = Release|Any CPU
		{F451936B-F178-4173-B48E-77061B4D4FC0}.Release|x64.ActiveCfg = Release|Any CPU
		{F451936B-F178-4173-B48E-77061B4D4FC0}.Release|x64.Build.0 = Release|Any CPU
		{F451936B-F178-4173-B48E-77061B4D4FC0}.Release|x86.ActiveCfg = Release|Any CPU
		{F451936B-F178-4173-B48E-77061B4D4FC0}.Release|x86.Build.0 = Release|Any CPU
		{A9C367FB-379A-4DC6-AAFA-904AF43846D0}.Debug|Any CPU.ActiveCfg = Debug|Any CPU
		{A9C367FB-379A-4DC6-AAFA-904AF43846D0}.Debug|Any CPU.Build.0 = Debug|Any CPU
		{A9C367FB-379A-4DC6-AAFA-904AF43846D0}.Debug|x64.ActiveCfg = Debug|Any CPU
		{A9C367FB-379A-4DC6-AAFA-904AF43846D0}.Debug|x64.Build.0 = Debug|Any CPU
		{A9C367FB-379A-4DC6-AAFA-904AF43846D0}.Debug|x86.ActiveCfg = Debug|Any CPU
		{A9C367FB-379A-4DC6-AAFA-904AF43846D0}.Debug|x86.Build.0 = Debug|Any CPU
		{A9C367FB-379A-4DC6-AAFA-904AF43846D0}.Release|Any CPU.ActiveCfg = Release|Any CPU
		{A9C367FB-379A-4DC6-AAFA-904AF43846D0}.Release|Any CPU.Build.0 = Release|Any CPU
		{A9C367FB-379A-4DC6-AAFA-904AF43846D0}.Release|x64.ActiveCfg = Release|Any CPU
		{A9C367FB-379A-4DC6-AAFA-904AF43846D0}.Release|x64.Build.0 = Release|Any CPU
		{A9C367FB-379A-4DC6-AAFA-904AF43846D0}.Release|x86.ActiveCfg = Release|Any CPU
		{A9C367FB-379A-4DC6-AAFA-904AF43846D0}.Release|x86.Build.0 = Release|Any CPU
	EndGlobalSection
EndGlobal
